
Microsoft Visual Studio Solution File, Format Version 12.00
# Visual Studio Version 16
VisualStudioVersion = 16.0.29411.108
MinimumVisualStudioVersion = 10.0.40219.1
Project("{FAE04EC0-301F-11D3-BF4B-00C04F79EFBC}") = "Get_Location", "..\..\source\repos\Get_Location\Get_Location\Get_Location.csproj", "{299D17F9-3F9D-4799-A73C-E044952AB100}"
EndProject
Global
	GlobalSection(SolutionConfigurationPlatforms) = preSolution
		Debug|Any CPU = Debug|Any CPU
		Release|Any CPU = Release|Any CPU
	EndGlobalSection
	GlobalSection(ProjectConfigurationPlatforms) = postSolution
		{299D17F9-3F9D-4799-A73C-E044952AB100}.Debug|Any CPU.ActiveCfg = Debug|Any CPU
		{299D17F9-3F9D-4799-A73C-E044952AB100}.Debug|Any CPU.Build.0 = Debug|Any CPU
		{299D17F9-3F9D-4799-A73C-E044952AB100}.Debug|Any CPU.Deploy.0 = Debug|Any CPU
		{299D17F9-3F9D-4799-A73C-E044952AB100}.Release|Any CPU.ActiveCfg = Release|Any CPU
		{299D17F9-3F9D-4799-A73C-E044952AB100}.Release|Any CPU.Build.0 = Release|Any CPU
		{299D17F9-3F9D-4799-A73C-E044952AB100}.Release|Any CPU.Deploy.0 = Release|Any CPU
	EndGlobalSection
	GlobalSection(SolutionProperties) = preSolution
		HideSolutionNode = FALSE
	EndGlobalSection
	GlobalSection(ExtensibilityGlobals) = postSolution
		SolutionGuid = {43E13070-D4C3-41C4-AE2D-7E1A8D4DC155}
	EndGlobalSection
EndGlobal
