
Microsoft Visual Studio Solution File, Format Version 12.00
# Visual Studio 15
VisualStudioVersion = 15.0.28307.271
MinimumVisualStudioVersion = 10.0.40219.1
Project("{FAE04EC0-301F-11D3-BF4B-00C04F79EFBC}") = "Rest-A-Go", "Rest-A-Go\Rest-A-Go.csproj", "{9CAA52D8-0CF0-4A95-8F0B-E2EA33886B3A}"
EndProject
Project("{FAE04EC0-301F-11D3-BF4B-00C04F79EFBC}") = "WebAPI", "WebAPI\WebAPI.csproj", "{77AAD37A-C6A1-4D60-A3CF-DD6E437C6F30}"
EndProject
Global
	GlobalSection(SolutionConfigurationPlatforms) = preSolution
		Debug|Any CPU = Debug|Any CPU
		Release|Any CPU = Release|Any CPU
	EndGlobalSection
	GlobalSection(ProjectConfigurationPlatforms) = postSolution
		{9CAA52D8-0CF0-4A95-8F0B-E2EA33886B3A}.Debug|Any CPU.ActiveCfg = Debug|Any CPU
		{9CAA52D8-0CF0-4A95-8F0B-E2EA33886B3A}.Debug|Any CPU.Build.0 = Debug|Any CPU
		{9CAA52D8-0CF0-4A95-8F0B-E2EA33886B3A}.Debug|Any CPU.Deploy.0 = Debug|Any CPU
		{9CAA52D8-0CF0-4A95-8F0B-E2EA33886B3A}.Release|Any CPU.ActiveCfg = Release|Any CPU
		{9CAA52D8-0CF0-4A95-8F0B-E2EA33886B3A}.Release|Any CPU.Build.0 = Release|Any CPU
		{9CAA52D8-0CF0-4A95-8F0B-E2EA33886B3A}.Release|Any CPU.Deploy.0 = Release|Any CPU
		{77AAD37A-C6A1-4D60-A3CF-DD6E437C6F30}.Debug|Any CPU.ActiveCfg = Debug|Any CPU
		{77AAD37A-C6A1-4D60-A3CF-DD6E437C6F30}.Debug|Any CPU.Build.0 = Debug|Any CPU
		{77AAD37A-C6A1-4D60-A3CF-DD6E437C6F30}.Release|Any CPU.ActiveCfg = Release|Any CPU
		{77AAD37A-C6A1-4D60-A3CF-DD6E437C6F30}.Release|Any CPU.Build.0 = Release|Any CPU
	EndGlobalSection
	GlobalSection(SolutionProperties) = preSolution
		HideSolutionNode = FALSE
	EndGlobalSection
	GlobalSection(ExtensibilityGlobals) = postSolution
		SolutionGuid = {D2B6DC8C-EACF-4F01-BB5F-26A11C0B1AD2}
	EndGlobalSection
EndGlobal
